// !$*UTF8*$!
{
	archiveVersion = 1;
	classes = {
	};
	objectVersion = 46;
	objects = {

/* Begin PBXBuildFile section */
		48D11D6D2047252D00722EEB /* libopenvdb.4.0.2.dylib in Frameworks */ = {isa = PBXBuildFile; fileRef = 48D11D6C2047252D00722EEB /* libopenvdb.4.0.2.dylib */; };
		48D11D702047254400722EEB /* libtbb.dylib in Frameworks */ = {isa = PBXBuildFile; fileRef = 48D11D6E2047254400722EEB /* libtbb.dylib */; };
		48D11D712047254400722EEB /* libtbbmalloc.dylib in Frameworks */ = {isa = PBXBuildFile; fileRef = 48D11D6F2047254400722EEB /* libtbbmalloc.dylib */; };
		48D11D732047255800722EEB /* libHalf.12.dylib in Frameworks */ = {isa = PBXBuildFile; fileRef = 48D11D722047255800722EEB /* libHalf.12.dylib */; };
		48D11DA12047305300722EEB /* Algorithm.cpp in Sources */ = {isa = PBXBuildFile; fileRef = 48D11D982047305300722EEB /* Algorithm.cpp */; };
		48D11DA22047305300722EEB /* Container.cpp in Sources */ = {isa = PBXBuildFile; fileRef = 48D11D9B2047305300722EEB /* Container.cpp */; };
		48D11DA32047305300722EEB /* main.cpp in Sources */ = {isa = PBXBuildFile; fileRef = 48D11D9E2047305300722EEB /* main.cpp */; };
/* End PBXBuildFile section */

/* Begin PBXCopyFilesBuildPhase section */
		48D11D4C2047234B00722EEB /* CopyFiles */ = {
			isa = PBXCopyFilesBuildPhase;
			buildActionMask = 2147483647;
			dstPath = /usr/share/man/man1/;
			dstSubfolderSpec = 0;
			files = (
			);
			runOnlyForDeploymentPostprocessing = 1;
		};
/* End PBXCopyFilesBuildPhase section */

/* Begin PBXFileReference section */
		48D11D4E2047234B00722EEB /* vdb-morph */ = {isa = PBXFileReference; explicitFileType = "compiled.mach-o.executable"; includeInIndex = 0; path = "vdb-morph"; sourceTree = BUILT_PRODUCTS_DIR; };
		48D11D6C2047252D00722EEB /* libopenvdb.4.0.2.dylib */ = {isa = PBXFileReference; lastKnownFileType = "compiled.mach-o.dylib"; name = libopenvdb.4.0.2.dylib; path = ../../../../../usr/local/lib/libopenvdb.4.0.2.dylib; sourceTree = "<group>"; };
		48D11D6E2047254400722EEB /* libtbb.dylib */ = {isa = PBXFileReference; lastKnownFileType = "compiled.mach-o.dylib"; name = libtbb.dylib; path = ../../../../../usr/local/Cellar/tbb/2017_U7/lib/libtbb.dylib; sourceTree = "<group>"; };
		48D11D6F2047254400722EEB /* libtbbmalloc.dylib */ = {isa = PBXFileReference; lastKnownFileType = "compiled.mach-o.dylib"; name = libtbbmalloc.dylib; path = ../../../../../usr/local/Cellar/tbb/2017_U7/lib/libtbbmalloc.dylib; sourceTree = "<group>"; };
		48D11D722047255800722EEB /* libHalf.12.dylib */ = {isa = PBXFileReference; lastKnownFileType = "compiled.mach-o.dylib"; name = libHalf.12.dylib; path = ../../../../../usr/local/Cellar/ilmbase/2.2.0/lib/libHalf.12.dylib; sourceTree = "<group>"; };
		48D11D982047305300722EEB /* Algorithm.cpp */ = {isa = PBXFileReference; fileEncoding = 4; lastKnownFileType = sourcecode.cpp.cpp; path = Algorithm.cpp; sourceTree = "<group>"; };
		48D11D992047305300722EEB /* Algorithm.hpp */ = {isa = PBXFileReference; fileEncoding = 4; lastKnownFileType = sourcecode.cpp.h; path = Algorithm.hpp; sourceTree = "<group>"; };
		48D11D9A2047305300722EEB /* CommonOperations.h */ = {isa = PBXFileReference; fileEncoding = 4; lastKnownFileType = sourcecode.c.h; path = CommonOperations.h; sourceTree = "<group>"; };
		48D11D9B2047305300722EEB /* Container.cpp */ = {isa = PBXFileReference; fileEncoding = 4; lastKnownFileType = sourcecode.cpp.cpp; path = Container.cpp; sourceTree = "<group>"; };
		48D11D9C2047305300722EEB /* Container.hpp */ = {isa = PBXFileReference; fileEncoding = 4; lastKnownFileType = sourcecode.cpp.h; path = Container.hpp; sourceTree = "<group>"; };
		48D11D9D2047305300722EEB /* GridOperations.h */ = {isa = PBXFileReference; fileEncoding = 4; lastKnownFileType = sourcecode.c.h; path = GridOperations.h; sourceTree = "<group>"; };
		48D11D9E2047305300722EEB /* main.cpp */ = {isa = PBXFileReference; fileEncoding = 4; lastKnownFileType = sourcecode.cpp.cpp; path = main.cpp; sourceTree = "<group>"; };
		48D11D9F2047305300722EEB /* MeshOperations.h */ = {isa = PBXFileReference; fileEncoding = 4; lastKnownFileType = sourcecode.c.h; path = MeshOperations.h; sourceTree = "<group>"; };
		48D11DA02047305300722EEB /* MorphOperations.h */ = {isa = PBXFileReference; fileEncoding = 4; lastKnownFileType = sourcecode.c.h; path = MorphOperations.h; sourceTree = "<group>"; };
/* End PBXFileReference section */

/* Begin PBXFrameworksBuildPhase section */
		48D11D4B2047234B00722EEB /* Frameworks */ = {
			isa = PBXFrameworksBuildPhase;
			buildActionMask = 2147483647;
			files = (
				48D11D732047255800722EEB /* libHalf.12.dylib in Frameworks */,
				48D11D702047254400722EEB /* libtbb.dylib in Frameworks */,
				48D11D712047254400722EEB /* libtbbmalloc.dylib in Frameworks */,
				48D11D6D2047252D00722EEB /* libopenvdb.4.0.2.dylib in Frameworks */,
			);
			runOnlyForDeploymentPostprocessing = 0;
		};
/* End PBXFrameworksBuildPhase section */

/* Begin PBXGroup section */
		48D11D452047234B00722EEB = {
			isa = PBXGroup;
			children = (
				48D11D722047255800722EEB /* libHalf.12.dylib */,
				48D11D6E2047254400722EEB /* libtbb.dylib */,
				48D11D6F2047254400722EEB /* libtbbmalloc.dylib */,
				48D11D6C2047252D00722EEB /* libopenvdb.4.0.2.dylib */,
				48D11D502047234B00722EEB /* vdb-morph */,
				48D11D4F2047234B00722EEB /* Products */,
			);
			sourceTree = "<group>";
		};
		48D11D4F2047234B00722EEB /* Products */ = {
			isa = PBXGroup;
			children = (
				48D11D4E2047234B00722EEB /* vdb-morph */,
			);
			name = Products;
			sourceTree = "<group>";
		};
		48D11D502047234B00722EEB /* vdb-morph */ = {
			isa = PBXGroup;
			children = (
				48D11D982047305300722EEB /* Algorithm.cpp */,
				48D11D992047305300722EEB /* Algorithm.hpp */,
				48D11D9A2047305300722EEB /* CommonOperations.h */,
				48D11D9B2047305300722EEB /* Container.cpp */,
				48D11D9C2047305300722EEB /* Container.hpp */,
				48D11D9D2047305300722EEB /* GridOperations.h */,
				48D11D9E2047305300722EEB /* main.cpp */,
				48D11D9F2047305300722EEB /* MeshOperations.h */,
				48D11DA02047305300722EEB /* MorphOperations.h */,
			);
			path = "vdb-morph";
			sourceTree = "<group>";
		};
/* End PBXGroup section */

/* Begin PBXNativeTarget section */
		48D11D4D2047234B00722EEB /* vdb-morph */ = {
			isa = PBXNativeTarget;
			buildConfigurationList = 48D11D552047234B00722EEB /* Build configuration list for PBXNativeTarget "vdb-morph" */;
			buildPhases = (
				48D11D4A2047234B00722EEB /* Sources */,
				48D11D4B2047234B00722EEB /* Frameworks */,
				48D11D4C2047234B00722EEB /* CopyFiles */,
			);
			buildRules = (
			);
			dependencies = (
			);
			name = "vdb-morph";
			productName = "vdb-morph";
			productReference = 48D11D4E2047234B00722EEB /* vdb-morph */;
			productType = "com.apple.product-type.tool";
		};
/* End PBXNativeTarget section */

/* Begin PBXProject section */
		48D11D462047234B00722EEB /* Project object */ = {
			isa = PBXProject;
			attributes = {
				LastUpgradeCheck = 0730;
				ORGANIZATIONNAME = Jeshuran;
				TargetAttributes = {
					48D11D4D2047234B00722EEB = {
						CreatedOnToolsVersion = 7.3;
					};
				};
			};
			buildConfigurationList = 48D11D492047234B00722EEB /* Build configuration list for PBXProject "vdb-morph" */;
			compatibilityVersion = "Xcode 3.2";
			developmentRegion = English;
			hasScannedForEncodings = 0;
			knownRegions = (
				en,
			);
			mainGroup = 48D11D452047234B00722EEB;
			productRefGroup = 48D11D4F2047234B00722EEB /* Products */;
			projectDirPath = "";
			projectRoot = "";
			targets = (
				48D11D4D2047234B00722EEB /* vdb-morph */,
			);
		};
/* End PBXProject section */

/* Begin PBXSourcesBuildPhase section */
		48D11D4A2047234B00722EEB /* Sources */ = {
			isa = PBXSourcesBuildPhase;
			buildActionMask = 2147483647;
			files = (
				48D11DA12047305300722EEB /* Algorithm.cpp in Sources */,
				48D11DA22047305300722EEB /* Container.cpp in Sources */,
				48D11DA32047305300722EEB /* main.cpp in Sources */,
			);
			runOnlyForDeploymentPostprocessing = 0;
		};
/* End PBXSourcesBuildPhase section */

/* Begin XCBuildConfiguration section */
		48D11D532047234B00722EEB /* Debug */ = {
			isa = XCBuildConfiguration;
			buildSettings = {
				ALWAYS_SEARCH_USER_PATHS = NO;
				CLANG_ANALYZER_NONNULL = YES;
				CLANG_CXX_LANGUAGE_STANDARD = "gnu++0x";
				CLANG_CXX_LIBRARY = "libc++";
				CLANG_ENABLE_MODULES = YES;
				CLANG_ENABLE_OBJC_ARC = YES;
				CLANG_WARN_BOOL_CONVERSION = YES;
				CLANG_WARN_CONSTANT_CONVERSION = YES;
				CLANG_WARN_DIRECT_OBJC_ISA_USAGE = YES_ERROR;
				CLANG_WARN_EMPTY_BODY = YES;
				CLANG_WARN_ENUM_CONVERSION = YES;
				CLANG_WARN_INT_CONVERSION = YES;
				CLANG_WARN_OBJC_ROOT_CLASS = YES_ERROR;
				CLANG_WARN_UNREACHABLE_CODE = YES;
				CLANG_WARN__DUPLICATE_METHOD_MATCH = YES;
				CODE_SIGN_IDENTITY = "-";
				COPY_PHASE_STRIP = NO;
				DEBUG_INFORMATION_FORMAT = dwarf;
				ENABLE_STRICT_OBJC_MSGSEND = YES;
				ENABLE_TESTABILITY = YES;
				GCC_C_LANGUAGE_STANDARD = gnu99;
				GCC_DYNAMIC_NO_PIC = NO;
				GCC_NO_COMMON_BLOCKS = YES;
				GCC_OPTIMIZATION_LEVEL = 0;
				GCC_PREPROCESSOR_DEFINITIONS = (
					"DEBUG=1",
					"$(inherited)",
				);
				GCC_WARN_64_TO_32_BIT_CONVERSION = YES;
				GCC_WARN_ABOUT_RETURN_TYPE = YES_ERROR;
				GCC_WARN_UNDECLARED_SELECTOR = YES;
				GCC_WARN_UNINITIALIZED_AUTOS = YES_AGGRESSIVE;
				GCC_WARN_UNUSED_FUNCTION = YES;
				GCC_WARN_UNUSED_VARIABLE = YES;
				MACOSX_DEPLOYMENT_TARGET = 10.11;
				MTL_ENABLE_DEBUG_INFO = YES;
				ONLY_ACTIVE_ARCH = YES;
				SDKROOT = macosx;
			};
			name = Debug;
		};
		48D11D542047234B00722EEB /* Release */ = {
			isa = XCBuildConfiguration;
			buildSettings = {
				ALWAYS_SEARCH_USER_PATHS = NO;
				CLANG_ANALYZER_NONNULL = YES;
				CLANG_CXX_LANGUAGE_STANDARD = "gnu++0x";
				CLANG_CXX_LIBRARY = "libc++";
				CLANG_ENABLE_MODULES = YES;
				CLANG_ENABLE_OBJC_ARC = YES;
				CLANG_WARN_BOOL_CONVERSION = YES;
				CLANG_WARN_CONSTANT_CONVERSION = YES;
				CLANG_WARN_DIRECT_OBJC_ISA_USAGE = YES_ERROR;
				CLANG_WARN_EMPTY_BODY = YES;
				CLANG_WARN_ENUM_CONVERSION = YES;
				CLANG_WARN_INT_CONVERSION = YES;
				CLANG_WARN_OBJC_ROOT_CLASS = YES_ERROR;
				CLANG_WARN_UNREACHABLE_CODE = YES;
				CLANG_WARN__DUPLICATE_METHOD_MATCH = YES;
				CODE_SIGN_IDENTITY = "-";
				COPY_PHASE_STRIP = NO;
				DEBUG_INFORMATION_FORMAT = "dwarf-with-dsym";
				ENABLE_NS_ASSERTIONS = NO;
				ENABLE_STRICT_OBJC_MSGSEND = YES;
				GCC_C_LANGUAGE_STANDARD = gnu99;
				GCC_NO_COMMON_BLOCKS = YES;
				GCC_WARN_64_TO_32_BIT_CONVERSION = YES;
				GCC_WARN_ABOUT_RETURN_TYPE = YES_ERROR;
				GCC_WARN_UNDECLARED_SELECTOR = YES;
				GCC_WARN_UNINITIALIZED_AUTOS = YES_AGGRESSIVE;
				GCC_WARN_UNUSED_FUNCTION = YES;
				GCC_WARN_UNUSED_VARIABLE = YES;
				MACOSX_DEPLOYMENT_TARGET = 10.11;
				MTL_ENABLE_DEBUG_INFO = NO;
				SDKROOT = macosx;
			};
			name = Release;
		};
		48D11D562047234B00722EEB /* Debug */ = {
			isa = XCBuildConfiguration;
			buildSettings = {
				HEADER_SEARCH_PATHS = /usr/local/include;
				LIBRARY_SEARCH_PATHS = (
					/usr/local/include,
					/usr/local/Cellar/boost/1.64.0_1/lib,
					/usr/local/Cellar/ilmbase/2.2.0/lib,
					/usr/local/Cellar/tbb/2017_U7/lib,
					"$(PROJECT_DIR)",
					"$(inherited)",
				);
				PRODUCT_NAME = "$(TARGET_NAME)";
			};
			name = Debug;
		};
		48D11D572047234B00722EEB /* Release */ = {
			isa = XCBuildConfiguration;
			buildSettings = {
				HEADER_SEARCH_PATHS = /usr/local/include;
				LIBRARY_SEARCH_PATHS = (
					/usr/local/include,
					/usr/local/Cellar/boost/1.64.0_1/lib,
					/usr/local/Cellar/ilmbase/2.2.0/lib,
					/usr/local/Cellar/tbb/2017_U7/lib,
					"$(PROJECT_DIR)",
					"$(inherited)",
				);
				PRODUCT_NAME = "$(TARGET_NAME)";
			};
			name = Release;
		};
/* End XCBuildConfiguration section */

/* Begin XCConfigurationList section */
		48D11D492047234B00722EEB /* Build configuration list for PBXProject "vdb-morph" */ = {
			isa = XCConfigurationList;
			buildConfigurations = (
				48D11D532047234B00722EEB /* Debug */,
				48D11D542047234B00722EEB /* Release */,
			);
			defaultConfigurationIsVisible = 0;
			defaultConfigurationName = Release;
		};
		48D11D552047234B00722EEB /* Build configuration list for PBXNativeTarget "vdb-morph" */ = {
			isa = XCConfigurationList;
			buildConfigurations = (
				48D11D562047234B00722EEB /* Debug */,
				48D11D572047234B00722EEB /* Release */,
			);
			defaultConfigurationIsVisible = 0;
			defaultConfigurationName = Release;
		};
/* End XCConfigurationList section */
	};
	rootObject = 48D11D462047234B00722EEB /* Project object */;
}
